
Microsoft Visual Studio Solution File, Format Version 12.00
# Visual Studio Version 17
VisualStudioVersion = 17.9.34701.34
MinimumVisualStudioVersion = 10.0.40219.1
Project("{FAE04EC0-301F-11D3-BF4B-00C04F79EFBC}") = "NewJiraAutomation", "NewJiraAutomation.csproj", "{424C0A32-AFC4-48C8-9D65-EA48592D6DA7}"
EndProject
Global
	GlobalSection(SolutionConfigurationPlatforms) = preSolution
		Debug|Any CPU = Debug|Any CPU
		Release|Any CPU = Release|Any CPU
	EndGlobalSection
	GlobalSection(ProjectConfigurationPlatforms) = postSolution
		{424C0A32-AFC4-48C8-9D65-EA48592D6DA7}.Debug|Any CPU.ActiveCfg = Debug|Any CPU
		{424C0A32-AFC4-48C8-9D65-EA48592D6DA7}.Debug|Any CPU.Build.0 = Debug|Any CPU
		{424C0A32-AFC4-48C8-9D65-EA48592D6DA7}.Release|Any CPU.ActiveCfg = Release|Any CPU
		{424C0A32-AFC4-48C8-9D65-EA48592D6DA7}.Release|Any CPU.Build.0 = Release|Any CPU
	EndGlobalSection
	GlobalSection(SolutionProperties) = preSolution
		HideSolutionNode = FALSE
	EndGlobalSection
	GlobalSection(ExtensibilityGlobals) = postSolution
		SolutionGuid = {491FAFE9-7CEC-4B9D-BD23-F01C375E034D}
	EndGlobalSection
EndGlobal
